Microsoft Visual Studio Solution File, Format Version 12.00
# Visual Studio 2012
Project("{FAE04EC0-301F-11D3-BF4B-00C04F79EFBC}") = "DungeonDelver", "DungeonDelver.csproj", "{4BDE8EB2-73B5-4C75-A101-C9944C420BEF}"
EndProject
Global
	GlobalSection(SolutionConfigurationPlatforms) = preSolution
	Debug|Any CPU = Debug|Any CPU
	ExportDebug|Any CPU = ExportDebug|Any CPU
	ExportRelease|Any CPU = ExportRelease|Any CPU
	EndGlobalSection
	GlobalSection(ProjectConfigurationPlatforms) = postSolution
		{4BDE8EB2-73B5-4C75-A101-C9944C420BEF}.Debug|Any CPU.ActiveCfg = Debug|Any CPU
		{4BDE8EB2-73B5-4C75-A101-C9944C420BEF}.Debug|Any CPU.Build.0 = Debug|Any CPU
		{4BDE8EB2-73B5-4C75-A101-C9944C420BEF}.ExportDebug|Any CPU.ActiveCfg = ExportDebug|Any CPU
		{4BDE8EB2-73B5-4C75-A101-C9944C420BEF}.ExportDebug|Any CPU.Build.0 = ExportDebug|Any CPU
		{4BDE8EB2-73B5-4C75-A101-C9944C420BEF}.ExportRelease|Any CPU.ActiveCfg = ExportRelease|Any CPU
		{4BDE8EB2-73B5-4C75-A101-C9944C420BEF}.ExportRelease|Any CPU.Build.0 = ExportRelease|Any CPU
	EndGlobalSection
EndGlobal
